
Microsoft Visual Studio Solution File, Format Version 12.00
# Visual Studio Version 17
VisualStudioVersion = 17.7.34221.43
MinimumVisualStudioVersion = 10.0.40219.1
Project("{9A19103F-16F7-4668-BE54-9A1E7A4F7556}") = "Web.BFF", "Web.BFF\Web.BFF.csproj", "{564BD19E-A163-45A0-9C63-347A4906EEC9}"
EndProject
Project("{54A90642-561A-4BB1-A94E-469ADEE60C69}") = "Web.SPA", "Web.SPA\Web.SPA.esproj", "{9966F25B-8059-430B-93EE-2FB624848B62}"
EndProject
Project("{2150E333-8FDC-42A3-9474-1A3956D46DE8}") = "Web.App", "Web.App", "{0874125F-45D2-401A-A062-E5E4177427E3}"
EndProject
Project("{9A19103F-16F7-4668-BE54-9A1E7A4F7556}") = "Web.Services", "Web.Services\Web.Services.csproj", "{36195B84-05C4-401D-8652-96B563624500}"
EndProject
Project("{9A19103F-16F7-4668-BE54-9A1E7A4F7556}") = "Web.Services.Impl", "Web.Services.Impl\Web.Services.Impl.csproj", "{19962FC1-FCCE-45F9-BB5E-FB185BD65890}"
EndProject
Project("{9A19103F-16F7-4668-BE54-9A1E7A4F7556}") = "Web.EntityFramework", "Web.EntityFramework\Web.EntityFramework.csproj", "{CDC02867-FACF-49BC-9C3C-6F8C38686579}"
EndProject
Project("{9A19103F-16F7-4668-BE54-9A1E7A4F7556}") = "Web.Core", "Web.Core\Web.Core.csproj", "{41D3C97B-0DB9-40DF-B506-454D69367336}"
EndProject
Project("{2150E333-8FDC-42A3-9474-1A3956D46DE8}") = "Infrastructure", "Infrastructure", "{B404A52A-CE22-4D08-A370-550724A0C024}"
EndProject
Project("{2150E333-8FDC-42A3-9474-1A3956D46DE8}") = "Application", "Application", "{98F71DD3-F5A2-4249-85F7-069205073D17}"
EndProject
Project("{2150E333-8FDC-42A3-9474-1A3956D46DE8}") = "Core", "Core", "{524CB093-9B74-40DC-955B-731150609F73}"
EndProject
Project("{FAE04EC0-301F-11D3-BF4B-00C04F79EFBC}") = "Web.IdentityFramework", "Web.Identity\Web.IdentityFramework.csproj", "{39B33485-3872-45D4-B809-9409DFE0D022}"
EndProject
Global
	GlobalSection(SolutionConfigurationPlatforms) = preSolution
		Debug|Any CPU = Debug|Any CPU
		Release|Any CPU = Release|Any CPU
	EndGlobalSection
	GlobalSection(ProjectConfigurationPlatforms) = postSolution
		{564BD19E-A163-45A0-9C63-347A4906EEC9}.Debug|Any CPU.ActiveCfg = Debug|Any CPU
		{564BD19E-A163-45A0-9C63-347A4906EEC9}.Debug|Any CPU.Build.0 = Debug|Any CPU
		{564BD19E-A163-45A0-9C63-347A4906EEC9}.Release|Any CPU.ActiveCfg = Release|Any CPU
		{564BD19E-A163-45A0-9C63-347A4906EEC9}.Release|Any CPU.Build.0 = Release|Any CPU
		{9966F25B-8059-430B-93EE-2FB624848B62}.Debug|Any CPU.ActiveCfg = Debug|Any CPU
		{9966F25B-8059-430B-93EE-2FB624848B62}.Debug|Any CPU.Build.0 = Debug|Any CPU
		{9966F25B-8059-430B-93EE-2FB624848B62}.Debug|Any CPU.Deploy.0 = Debug|Any CPU
		{9966F25B-8059-430B-93EE-2FB624848B62}.Release|Any CPU.ActiveCfg = Release|Any CPU
		{9966F25B-8059-430B-93EE-2FB624848B62}.Release|Any CPU.Build.0 = Release|Any CPU
		{9966F25B-8059-430B-93EE-2FB624848B62}.Release|Any CPU.Deploy.0 = Release|Any CPU
		{36195B84-05C4-401D-8652-96B563624500}.Debug|Any CPU.ActiveCfg = Debug|Any CPU
		{36195B84-05C4-401D-8652-96B563624500}.Debug|Any CPU.Build.0 = Debug|Any CPU
		{36195B84-05C4-401D-8652-96B563624500}.Release|Any CPU.ActiveCfg = Release|Any CPU
		{36195B84-05C4-401D-8652-96B563624500}.Release|Any CPU.Build.0 = Release|Any CPU
		{19962FC1-FCCE-45F9-BB5E-FB185BD65890}.Debug|Any CPU.ActiveCfg = Debug|Any CPU
		{19962FC1-FCCE-45F9-BB5E-FB185BD65890}.Debug|Any CPU.Build.0 = Debug|Any CPU
		{19962FC1-FCCE-45F9-BB5E-FB185BD65890}.Release|Any CPU.ActiveCfg = Release|Any CPU
		{19962FC1-FCCE-45F9-BB5E-FB185BD65890}.Release|Any CPU.Build.0 = Release|Any CPU
		{CDC02867-FACF-49BC-9C3C-6F8C38686579}.Debug|Any CPU.ActiveCfg = Debug|Any CPU
		{CDC02867-FACF-49BC-9C3C-6F8C38686579}.Debug|Any CPU.Build.0 = Debug|Any CPU
		{CDC02867-FACF-49BC-9C3C-6F8C38686579}.Release|Any CPU.ActiveCfg = Release|Any CPU
		{CDC02867-FACF-49BC-9C3C-6F8C38686579}.Release|Any CPU.Build.0 = Release|Any CPU
		{41D3C97B-0DB9-40DF-B506-454D69367336}.Debug|Any CPU.ActiveCfg = Debug|Any CPU
		{41D3C97B-0DB9-40DF-B506-454D69367336}.Debug|Any CPU.Build.0 = Debug|Any CPU
		{41D3C97B-0DB9-40DF-B506-454D69367336}.Release|Any CPU.ActiveCfg = Release|Any CPU
		{41D3C97B-0DB9-40DF-B506-454D69367336}.Release|Any CPU.Build.0 = Release|Any CPU
		{39B33485-3872-45D4-B809-9409DFE0D022}.Debug|Any CPU.ActiveCfg = Debug|Any CPU
		{39B33485-3872-45D4-B809-9409DFE0D022}.Debug|Any CPU.Build.0 = Debug|Any CPU
		{39B33485-3872-45D4-B809-9409DFE0D022}.Release|Any CPU.ActiveCfg = Release|Any CPU
		{39B33485-3872-45D4-B809-9409DFE0D022}.Release|Any CPU.Build.0 = Release|Any CPU
	EndGlobalSection
	GlobalSection(SolutionProperties) = preSolution
		HideSolutionNode = FALSE
	EndGlobalSection
	GlobalSection(NestedProjects) = preSolution
		{36195B84-05C4-401D-8652-96B563624500} = {98F71DD3-F5A2-4249-85F7-069205073D17}
		{19962FC1-FCCE-45F9-BB5E-FB185BD65890} = {98F71DD3-F5A2-4249-85F7-069205073D17}
		{CDC02867-FACF-49BC-9C3C-6F8C38686579} = {B404A52A-CE22-4D08-A370-550724A0C024}
		{41D3C97B-0DB9-40DF-B506-454D69367336} = {524CB093-9B74-40DC-955B-731150609F73}
		{B404A52A-CE22-4D08-A370-550724A0C024} = {0874125F-45D2-401A-A062-E5E4177427E3}
		{98F71DD3-F5A2-4249-85F7-069205073D17} = {0874125F-45D2-401A-A062-E5E4177427E3}
		{524CB093-9B74-40DC-955B-731150609F73} = {0874125F-45D2-401A-A062-E5E4177427E3}
		{39B33485-3872-45D4-B809-9409DFE0D022} = {B404A52A-CE22-4D08-A370-550724A0C024}
	EndGlobalSection
	GlobalSection(ExtensibilityGlobals) = postSolution
		SolutionGuid = {DE7935AF-9E3F-46D6-BFA9-DCBDE50BCB59}
	EndGlobalSection
EndGlobal
